
Microsoft Visual Studio Solution File, Format Version 12.00
# Visual Studio Version 17
VisualStudioVersion = 17.4.33205.214
MinimumVisualStudioVersion = 10.0.40219.1
Project("{8BC9CEB8-8B4A-11D0-8D11-00A0C91BC942}") = "L01", "L01\L01.vcxproj", "{14900907-E290-4363-8C52-D14575D0D166}"
EndProject
Project("{FAE04EC0-301F-11D3-BF4B-00C04F79EFBC}") = "L01Sharp", "L01Sharp\L01Sharp.csproj", "{A86CC0DF-D1CA-46B6-9FBB-27F2146253E7}"
	ProjectSection(ProjectDependencies) = postProject
		{14900907-E290-4363-8C52-D14575D0D166} = {14900907-E290-4363-8C52-D14575D0D166}
	EndProjectSection
EndProject
Global
	GlobalSection(SolutionConfigurationPlatforms) = preSolution
		Debug|Any CPU = Debug|Any CPU
		Debug|x64 = Debug|x64
		Debug|x86 = Debug|x86
		Release|Any CPU = Release|Any CPU
		Release|x64 = Release|x64
		Release|x86 = Release|x86
	EndGlobalSection
	GlobalSection(ProjectConfigurationPlatforms) = postSolution
		{14900907-E290-4363-8C52-D14575D0D166}.Debug|Any CPU.ActiveCfg = Debug|x64
		{14900907-E290-4363-8C52-D14575D0D166}.Debug|Any CPU.Build.0 = Debug|x64
		{14900907-E290-4363-8C52-D14575D0D166}.Debug|x64.ActiveCfg = Debug|x64
		{14900907-E290-4363-8C52-D14575D0D166}.Debug|x64.Build.0 = Debug|x64
		{14900907-E290-4363-8C52-D14575D0D166}.Debug|x86.ActiveCfg = Debug|Win32
		{14900907-E290-4363-8C52-D14575D0D166}.Debug|x86.Build.0 = Debug|Win32
		{14900907-E290-4363-8C52-D14575D0D166}.Release|Any CPU.ActiveCfg = Release|x64
		{14900907-E290-4363-8C52-D14575D0D166}.Release|Any CPU.Build.0 = Release|x64
		{14900907-E290-4363-8C52-D14575D0D166}.Release|x64.ActiveCfg = Release|x64
		{14900907-E290-4363-8C52-D14575D0D166}.Release|x64.Build.0 = Release|x64
		{14900907-E290-4363-8C52-D14575D0D166}.Release|x86.ActiveCfg = Release|Win32
		{14900907-E290-4363-8C52-D14575D0D166}.Release|x86.Build.0 = Release|Win32
		{A86CC0DF-D1CA-46B6-9FBB-27F2146253E7}.Debug|Any CPU.ActiveCfg = Debug|Any CPU
		{A86CC0DF-D1CA-46B6-9FBB-27F2146253E7}.Debug|Any CPU.Build.0 = Debug|Any CPU
		{A86CC0DF-D1CA-46B6-9FBB-27F2146253E7}.Debug|x64.ActiveCfg = Debug|Any CPU
		{A86CC0DF-D1CA-46B6-9FBB-27F2146253E7}.Debug|x64.Build.0 = Debug|Any CPU
		{A86CC0DF-D1CA-46B6-9FBB-27F2146253E7}.Debug|x86.ActiveCfg = Debug|Any CPU
		{A86CC0DF-D1CA-46B6-9FBB-27F2146253E7}.Debug|x86.Build.0 = Debug|Any CPU
		{A86CC0DF-D1CA-46B6-9FBB-27F2146253E7}.Release|Any CPU.ActiveCfg = Release|Any CPU
		{A86CC0DF-D1CA-46B6-9FBB-27F2146253E7}.Release|Any CPU.Build.0 = Release|Any CPU
		{A86CC0DF-D1CA-46B6-9FBB-27F2146253E7}.Release|x64.ActiveCfg = Release|Any CPU
		{A86CC0DF-D1CA-46B6-9FBB-27F2146253E7}.Release|x64.Build.0 = Release|Any CPU
		{A86CC0DF-D1CA-46B6-9FBB-27F2146253E7}.Release|x86.ActiveCfg = Release|Any CPU
		{A86CC0DF-D1CA-46B6-9FBB-27F2146253E7}.Release|x86.Build.0 = Release|Any CPU
	EndGlobalSection
	GlobalSection(SolutionProperties) = preSolution
		HideSolutionNode = FALSE
	EndGlobalSection
	GlobalSection(ExtensibilityGlobals) = postSolution
		SolutionGuid = {49735DB6-E019-48C2-AFBF-A2310AF1F1D4}
	EndGlobalSection
EndGlobal
