
Microsoft Visual Studio Solution File, Format Version 12.00
# Visual Studio Version 16
VisualStudioVersion = 16.0.30104.148
MinimumVisualStudioVersion = 10.0.40219.1
Project("{8BC9CEB8-8B4A-11D0-8D11-00A0C91BC942}") = "PipesClient", "PipesClient\PipesClient.vcxproj", "{0D3E76FC-676F-488C-B14F-BC0038C45138}"
EndProject
Project("{8BC9CEB8-8B4A-11D0-8D11-00A0C91BC942}") = "PipesServer", "PipesServer\PipesServer.vcxproj", "{CFCF8613-CC28-49E1-9AB9-A9B1E454542B}"
	ProjectSection(ProjectDependencies) = postProject
		{0D3E76FC-676F-488C-B14F-BC0038C45138} = {0D3E76FC-676F-488C-B14F-BC0038C45138}
	EndProjectSection
EndProject
Global
	GlobalSection(SolutionConfigurationPlatforms) = preSolution
		Debug|x64 = Debug|x64
		Debug|x86 = Debug|x86
		Release|x64 = Release|x64
		Release|x86 = Release|x86
	EndGlobalSection
	GlobalSection(ProjectConfigurationPlatforms) = postSolution
		{0D3E76FC-676F-488C-B14F-BC0038C45138}.Debug|x64.ActiveCfg = Debug|x64
		{0D3E76FC-676F-488C-B14F-BC0038C45138}.Debug|x64.Build.0 = Debug|x64
		{0D3E76FC-676F-488C-B14F-BC0038C45138}.Debug|x86.ActiveCfg = Debug|Win32
		{0D3E76FC-676F-488C-B14F-BC0038C45138}.Debug|x86.Build.0 = Debug|Win32
		{0D3E76FC-676F-488C-B14F-BC0038C45138}.Release|x64.ActiveCfg = Release|x64
		{0D3E76FC-676F-488C-B14F-BC0038C45138}.Release|x64.Build.0 = Release|x64
		{0D3E76FC-676F-488C-B14F-BC0038C45138}.Release|x86.ActiveCfg = Release|Win32
		{0D3E76FC-676F-488C-B14F-BC0038C45138}.Release|x86.Build.0 = Release|Win32
		{CFCF8613-CC28-49E1-9AB9-A9B1E454542B}.Debug|x64.ActiveCfg = Debug|x64
		{CFCF8613-CC28-49E1-9AB9-A9B1E454542B}.Debug|x64.Build.0 = Debug|x64
		{CFCF8613-CC28-49E1-9AB9-A9B1E454542B}.Debug|x86.ActiveCfg = Debug|Win32
		{CFCF8613-CC28-49E1-9AB9-A9B1E454542B}.Debug|x86.Build.0 = Debug|Win32
		{CFCF8613-CC28-49E1-9AB9-A9B1E454542B}.Release|x64.ActiveCfg = Release|x64
		{CFCF8613-CC28-49E1-9AB9-A9B1E454542B}.Release|x64.Build.0 = Release|x64
		{CFCF8613-CC28-49E1-9AB9-A9B1E454542B}.Release|x86.ActiveCfg = Release|Win32
		{CFCF8613-CC28-49E1-9AB9-A9B1E454542B}.Release|x86.Build.0 = Release|Win32
	EndGlobalSection
	GlobalSection(SolutionProperties) = preSolution
		HideSolutionNode = FALSE
	EndGlobalSection
	GlobalSection(ExtensibilityGlobals) = postSolution
		SolutionGuid = {7A0506B4-1870-4CCC-A3C3-D35DE528B9E9}
	EndGlobalSection
EndGlobal
