
Microsoft Visual Studio Solution File, Format Version 12.00
# Visual Studio Version 17
VisualStudioVersion = 17.0.32112.339
MinimumVisualStudioVersion = 10.0.40219.1
Project("{8BC9CEB8-8B4A-11D0-8D11-00A0C91BC942}") = "L01", "L01\L01.vcxproj", "{618F2D96-F759-4BCF-B64B-F95687A03D45}"
EndProject
Project("{FAE04EC0-301F-11D3-BF4B-00C04F79EFBC}") = "L01Sharp", "L01Sharp\L01Sharp.csproj", "{FC863AE7-210F-4860-85FC-72FC21181F19}"
EndProject
Global
	GlobalSection(SolutionConfigurationPlatforms) = preSolution
		Debug|Any CPU = Debug|Any CPU
		Debug|x64 = Debug|x64
		Debug|x86 = Debug|x86
		Release|Any CPU = Release|Any CPU
		Release|x64 = Release|x64
		Release|x86 = Release|x86
	EndGlobalSection
	GlobalSection(ProjectConfigurationPlatforms) = postSolution
		{618F2D96-F759-4BCF-B64B-F95687A03D45}.Debug|Any CPU.ActiveCfg = Debug|x64
		{618F2D96-F759-4BCF-B64B-F95687A03D45}.Debug|Any CPU.Build.0 = Debug|x64
		{618F2D96-F759-4BCF-B64B-F95687A03D45}.Debug|x64.ActiveCfg = Debug|x64
		{618F2D96-F759-4BCF-B64B-F95687A03D45}.Debug|x64.Build.0 = Debug|x64
		{618F2D96-F759-4BCF-B64B-F95687A03D45}.Debug|x86.ActiveCfg = Debug|Win32
		{618F2D96-F759-4BCF-B64B-F95687A03D45}.Debug|x86.Build.0 = Debug|Win32
		{618F2D96-F759-4BCF-B64B-F95687A03D45}.Release|Any CPU.ActiveCfg = Release|x64
		{618F2D96-F759-4BCF-B64B-F95687A03D45}.Release|Any CPU.Build.0 = Release|x64
		{618F2D96-F759-4BCF-B64B-F95687A03D45}.Release|x64.ActiveCfg = Release|x64
		{618F2D96-F759-4BCF-B64B-F95687A03D45}.Release|x64.Build.0 = Release|x64
		{618F2D96-F759-4BCF-B64B-F95687A03D45}.Release|x86.ActiveCfg = Release|Win32
		{618F2D96-F759-4BCF-B64B-F95687A03D45}.Release|x86.Build.0 = Release|Win32
		{FC863AE7-210F-4860-85FC-72FC21181F19}.Debug|Any CPU.ActiveCfg = Debug|Any CPU
		{FC863AE7-210F-4860-85FC-72FC21181F19}.Debug|Any CPU.Build.0 = Debug|Any CPU
		{FC863AE7-210F-4860-85FC-72FC21181F19}.Debug|x64.ActiveCfg = Debug|Any CPU
		{FC863AE7-210F-4860-85FC-72FC21181F19}.Debug|x64.Build.0 = Debug|Any CPU
		{FC863AE7-210F-4860-85FC-72FC21181F19}.Debug|x86.ActiveCfg = Debug|Any CPU
		{FC863AE7-210F-4860-85FC-72FC21181F19}.Debug|x86.Build.0 = Debug|Any CPU
		{FC863AE7-210F-4860-85FC-72FC21181F19}.Release|Any CPU.ActiveCfg = Release|Any CPU
		{FC863AE7-210F-4860-85FC-72FC21181F19}.Release|Any CPU.Build.0 = Release|Any CPU
		{FC863AE7-210F-4860-85FC-72FC21181F19}.Release|x64.ActiveCfg = Release|Any CPU
		{FC863AE7-210F-4860-85FC-72FC21181F19}.Release|x64.Build.0 = Release|Any CPU
		{FC863AE7-210F-4860-85FC-72FC21181F19}.Release|x86.ActiveCfg = Release|Any CPU
		{FC863AE7-210F-4860-85FC-72FC21181F19}.Release|x86.Build.0 = Release|Any CPU
	EndGlobalSection
	GlobalSection(SolutionProperties) = preSolution
		HideSolutionNode = FALSE
	EndGlobalSection
	GlobalSection(ExtensibilityGlobals) = postSolution
		SolutionGuid = {F0A5A1EB-A8F0-4D1F-8707-2C4047414EAC}
	EndGlobalSection
EndGlobal
